<Solution>
  <Folder Name="/docs/" />
  <Folder Name="/docs/00.overview/" />
  <Folder Name="/docs/01.architecture/" />
  <Folder Name="/docs/02.adr/" />
  <Folder Name="/docs/03.development/" />
  <Folder Name="/docs/04.building-blocks/">
    <File Path="docs/04..building-blocks/shared-kernel-overview.md" />
    <File Path="framework-vs-sharedkernel.md" />
  </Folder>
  <Folder Name="/docs/05.modules/" />
  <Folder Name="/docs/06.ai/" />
  <Folder Name="/docs/07.frontend/" />
  <Folder Name="/Solution Items/">
    <File Path="Directory.Build.props" />
    <File Path="Directory.Packages.props" />
  </Folder>
  <Folder Name="/src/" />
  <Folder Name="/src/00.BuildingBlocks/">
    <Project Path="src/00.BuildingBlocks/KnowledgeCoach.BuildingBlocks.Contracts/KnowledgeCoach.BuildingBlocks.Contracts.csproj" />
    <Project Path="src/00.BuildingBlocks/KnowledgeCoach.BuildingBlocks.Framework/KnowledgeCoach.BuildingBlocks.Framework.csproj" />
    <Project Path="src/00.BuildingBlocks/KnowledgeCoach.BuildingBlocks.SharedKernel/KnowledgeCoach.BuildingBlocks.SharedKernel.csproj" />
  </Folder>
  <Folder Name="/src/03.Endpoints/" />
  <Folder Name="/src/03.Endpoints/Host/">
    <Project Path="src/03.Endpoints/Host/KnowledgeCoach.Api/KnowledgeCoach.Endpoints.Host.Api.csproj" />
    <Project Path="src/03.Endpoints/Host/KnowledgeCoach.Endpoints.Host.Web/KnowledgeCoach.Endpoints.Host.Web.csproj" Id="3c3e80e8-6f2a-4f77-880c-f220067a8c7b" />
  </Folder>
  <Folder Name="/tests/" />
</Solution>
