<Solution>
  <Folder Name="/docs/" />
  <Folder Name="/Solution Items/">
    <File Path="Directory.Build.props" />
    <File Path="Directory.Packages.props" />
  </Folder>
  <Folder Name="/src/" />
  <Folder Name="/src/00.BuildingBlocks/">
    <Project Path="src/00.BuildingBlocks/KnowledgeCoach.BuildingBlocks.Contracts/KnowledgeCoach.BuildingBlocks.Contracts.csproj" />
    <Project Path="src/00.BuildingBlocks/KnowledgeCoach.BuildingBlocks.Framework/KnowledgeCoach.BuildingBlocks.Framework.csproj" />
    <Project Path="src/00.BuildingBlocks/KnowledgeCoach.BuildingBlocks.SharedKernel/KnowledgeCoach.BuildingBlocks.SharedKernel.csproj" />
  </Folder>
  <Folder Name="/src/03.Endpoints/" />
  <Folder Name="/src/03.Endpoints/Host/">
    <Project Path="src/03.Endpoints/Host/KnowledgeCoach.Api/KnowledgeCoach.Endpoints.Host.Api.csproj" />
    <Project Path="src/03.Endpoints/Host/KnowledgeCoach.Endpoints.Host.Web/KnowledgeCoach.Endpoints.Host.Web.csproj" Id="3c3e80e8-6f2a-4f77-880c-f220067a8c7b" />
  </Folder>
  <Folder Name="/tests/" />
</Solution>
